
Microsoft Visual Studio Solution File, Format Version 12.00
# Visual Studio Version 16
VisualStudioVersion = 16.0.29418.71
MinimumVisualStudioVersion = 10.0.40219.1
Project("{FAE04EC0-301F-11D3-BF4B-00C04F79EFBC}") = "BiometricalIdentification", "BiometricalIdentify\BiometricalIdentification.csproj", "{74D0542E-A5F3-4268-96AF-F7B1BE57E886}"
EndProject
Project("{FAE04EC0-301F-11D3-BF4B-00C04F79EFBC}") = "TestDB", "TestDB\TestDB.csproj", "{048C5B17-EAB5-477E-95CB-4CD9C374E9E2}"
EndProject
Global
	GlobalSection(SolutionConfigurationPlatforms) = preSolution
		Debug|Any CPU = Debug|Any CPU
		Release|Any CPU = Release|Any CPU
	EndGlobalSection
	GlobalSection(ProjectConfigurationPlatforms) = postSolution
		{74D0542E-A5F3-4268-96AF-F7B1BE57E886}.Debug|Any CPU.ActiveCfg = Debug|Any CPU
		{74D0542E-A5F3-4268-96AF-F7B1BE57E886}.Debug|Any CPU.Build.0 = Debug|Any CPU
		{74D0542E-A5F3-4268-96AF-F7B1BE57E886}.Release|Any CPU.ActiveCfg = Release|Any CPU
		{74D0542E-A5F3-4268-96AF-F7B1BE57E886}.Release|Any CPU.Build.0 = Release|Any CPU
		{048C5B17-EAB5-477E-95CB-4CD9C374E9E2}.Debug|Any CPU.ActiveCfg = Debug|Any CPU
		{048C5B17-EAB5-477E-95CB-4CD9C374E9E2}.Debug|Any CPU.Build.0 = Debug|Any CPU
		{048C5B17-EAB5-477E-95CB-4CD9C374E9E2}.Release|Any CPU.ActiveCfg = Release|Any CPU
		{048C5B17-EAB5-477E-95CB-4CD9C374E9E2}.Release|Any CPU.Build.0 = Release|Any CPU
	EndGlobalSection
	GlobalSection(SolutionProperties) = preSolution
		HideSolutionNode = FALSE
	EndGlobalSection
	GlobalSection(ExtensibilityGlobals) = postSolution
		SolutionGuid = {5DAAC5FB-372B-4B90-9193-E7D15158F263}
	EndGlobalSection
EndGlobal
